
Microsoft Visual Studio Solution File, Format Version 11.00
# Visual C# Express 2010
Project("{FAE04EC0-301F-11D3-BF4B-00C04F79EFBC}") = "Brewmasters", "Brewmasters\Brewmasters.csproj", "{A0A469F9-9D07-480B-8F77-ED324AD7277F}"
EndProject
Global
	GlobalSection(SolutionConfigurationPlatforms) = preSolution
		Debug|Any CPU = Debug|Any CPU
		Release|Any CPU = Release|Any CPU
	EndGlobalSection
	GlobalSection(ProjectConfigurationPlatforms) = postSolution
		{A0A469F9-9D07-480B-8F77-ED324AD7277F}.Debug|Any CPU.ActiveCfg = Debug|Any CPU
		{A0A469F9-9D07-480B-8F77-ED324AD7277F}.Debug|Any CPU.Build.0 = Debug|Any CPU
		{A0A469F9-9D07-480B-8F77-ED324AD7277F}.Debug|Any CPU.Deploy.0 = Debug|Any CPU
		{A0A469F9-9D07-480B-8F77-ED324AD7277F}.Release|Any CPU.ActiveCfg = Release|Any CPU
		{A0A469F9-9D07-480B-8F77-ED324AD7277F}.Release|Any CPU.Build.0 = Release|Any CPU
		{A0A469F9-9D07-480B-8F77-ED324AD7277F}.Release|Any CPU.Deploy.0 = Release|Any CPU
	EndGlobalSection
	GlobalSection(SolutionProperties) = preSolution
		HideSolutionNode = FALSE
	EndGlobalSection
EndGlobal
